{
  "name": "desafio-projeto01",
  "version": "1.0.0",
  "lockfileVersion": 3,
  "requires": true,
  "packages": {
    "": {
      "name": "desafio-projeto01",
      "version": "1.0.0",
      "license": "ISC",
      "dependencies": {
        "csv-parse": "^5.3.10",
        "moment": "^2.29.4"
      }
    },
    "node_modules/csv-parse": {
      "version": "5.3.10",
      "resolved": "https://registry.npmjs.org/csv-parse/-/csv-parse-5.3.10.tgz",
      "integrity": "sha512-cTXY6iy0gN5Ha/cGILeDgQE+nKiKDU2m0DjSRdJhr86BN3cM7oefBsTk2aH0LQeaYtL7Z7HvW+jYoadmdhzeDA=="
    },
    "node_modules/moment": {
      "version": "2.29.4",
      "resolved": "https://registry.npmjs.org/moment/-/moment-2.29.4.tgz",
      "integrity": "sha512-5LC9SOxjSc2HF6vO2CyuTDNivEdoz2IvyJJGj6X8DJ0eFyfszE0QiEd+iXmBvUP3WHxSjFH/vIsA0EN00cgr8w==",
      "engines": {
        "node": "*"
      }
    }
  }
}
